
Microsoft Visual Studio Solution File, Format Version 12.00
# Visual Studio Version 17
VisualStudioVersion = 17.5.33516.290
MinimumVisualStudioVersion = 10.0.40219.1
Project("{FAE04EC0-301F-11D3-BF4B-00C04F79EFBC}") = "AdvanceCRM.Web", "AdvanceCRM\AdvanceCRM.Web\AdvanceCRM.Web.csproj", "{428CC8C1-B89D-CF62-6FD6-7E1D76482AF0}"
EndProject
Project("{FAE04EC0-301F-11D3-BF4B-00C04F79EFBC}") = "AdvanceCRM.Tests", "AdvanceCRM.Tests\AdvanceCRM.Tests.csproj", "{895A644F-281D-41C1-AD7A-6C42D4CB64A5}"
EndProject
Global
	GlobalSection(SolutionConfigurationPlatforms) = preSolution
		Debug|Any CPU = Debug|Any CPU
		Release|Any CPU = Release|Any CPU
	EndGlobalSection
	GlobalSection(ProjectConfigurationPlatforms) = postSolution
		{428CC8C1-B89D-CF62-6FD6-7E1D76482AF0}.Debug|Any CPU.ActiveCfg = Debug|Any CPU
		{428CC8C1-B89D-CF62-6FD6-7E1D76482AF0}.Debug|Any CPU.Build.0 = Debug|Any CPU
		{428CC8C1-B89D-CF62-6FD6-7E1D76482AF0}.Release|Any CPU.ActiveCfg = Release|Any CPU
		{428CC8C1-B89D-CF62-6FD6-7E1D76482AF0}.Release|Any CPU.Build.0 = Release|Any CPU
		{895A644F-281D-41C1-AD7A-6C42D4CB64A5}.Debug|Any CPU.ActiveCfg = Debug|Any CPU
		{895A644F-281D-41C1-AD7A-6C42D4CB64A5}.Debug|Any CPU.Build.0 = Debug|Any CPU
		{895A644F-281D-41C1-AD7A-6C42D4CB64A5}.Release|Any CPU.ActiveCfg = Release|Any CPU
		{895A644F-281D-41C1-AD7A-6C42D4CB64A5}.Release|Any CPU.Build.0 = Release|Any CPU
	EndGlobalSection
	GlobalSection(SolutionProperties) = preSolution
		HideSolutionNode = FALSE
	EndGlobalSection
	GlobalSection(ExtensibilityGlobals) = postSolution
		SolutionGuid = {94F1919A-9FBD-48C4-973C-E67C92950163}
	EndGlobalSection
EndGlobal
